
Microsoft Visual Studio Solution File, Format Version 12.00
# Visual Studio 15
VisualStudioVersion = 15.0.26430.16
MinimumVisualStudioVersion = 10.0.40219.1
Project("{FAE04EC0-301F-11D3-BF4B-00C04F79EFBC}") = "DotNetWallet.NetFramework", "DotNetWallet.NetFramework\DotNetWallet.NetFramework.csproj", "{FFE9309A-5FC2-4097-91A1-483D28B9F90B}"
EndProject
Global
	GlobalSection(SolutionConfigurationPlatforms) = preSolution
		Debug|Any CPU = Debug|Any CPU
		Release|Any CPU = Release|Any CPU
	EndGlobalSection
	GlobalSection(ProjectConfigurationPlatforms) = postSolution
		{FFE9309A-5FC2-4097-91A1-483D28B9F90B}.Debug|Any CPU.ActiveCfg = Debug|Any CPU
		{FFE9309A-5FC2-4097-91A1-483D28B9F90B}.Debug|Any CPU.Build.0 = Debug|Any CPU
		{FFE9309A-5FC2-4097-91A1-483D28B9F90B}.Release|Any CPU.ActiveCfg = Release|Any CPU
		{FFE9309A-5FC2-4097-91A1-483D28B9F90B}.Release|Any CPU.Build.0 = Release|Any CPU
	EndGlobalSection
	GlobalSection(SolutionProperties) = preSolution
		HideSolutionNode = FALSE
	EndGlobalSection
EndGlobal
